
Microsoft Visual Studio Solution File, Format Version 12.00
# Visual Studio 15
VisualStudioVersion = 15.0.27130.2020
MinimumVisualStudioVersion = 10.0.40219.1
Project("{FAE04EC0-301F-11D3-BF4B-00C04F79EFBC}") = "TranslationReg", "TranslationReg\TranslationReg.csproj", "{EE2170F9-5923-43C5-ABD1-7C820522B05F}"
EndProject
Project("{FAE04EC0-301F-11D3-BF4B-00C04F79EFBC}") = "Model", "TranslationRegistryModel\Model.csproj", "{706117CE-49C8-4F02-9FCD-ABD0A37FE2DC}"
EndProject
Project("{FAE04EC0-301F-11D3-BF4B-00C04F79EFBC}") = "SqlRepository", "TranslationRegistryRepository\SqlRepository.csproj", "{58F0F26D-7D74-4E75-8231-236E8A331740}"
EndProject
Global
	GlobalSection(SolutionConfigurationPlatforms) = preSolution
		Debug|Any CPU = Debug|Any CPU
		Release|Any CPU = Release|Any CPU
	EndGlobalSection
	GlobalSection(ProjectConfigurationPlatforms) = postSolution
		{EE2170F9-5923-43C5-ABD1-7C820522B05F}.Debug|Any CPU.ActiveCfg = Debug|Any CPU
		{EE2170F9-5923-43C5-ABD1-7C820522B05F}.Debug|Any CPU.Build.0 = Debug|Any CPU
		{EE2170F9-5923-43C5-ABD1-7C820522B05F}.Release|Any CPU.ActiveCfg = Release|Any CPU
		{EE2170F9-5923-43C5-ABD1-7C820522B05F}.Release|Any CPU.Build.0 = Release|Any CPU
		{706117CE-49C8-4F02-9FCD-ABD0A37FE2DC}.Debug|Any CPU.ActiveCfg = Debug|Any CPU
		{706117CE-49C8-4F02-9FCD-ABD0A37FE2DC}.Debug|Any CPU.Build.0 = Debug|Any CPU
		{706117CE-49C8-4F02-9FCD-ABD0A37FE2DC}.Release|Any CPU.ActiveCfg = Release|Any CPU
		{706117CE-49C8-4F02-9FCD-ABD0A37FE2DC}.Release|Any CPU.Build.0 = Release|Any CPU
		{58F0F26D-7D74-4E75-8231-236E8A331740}.Debug|Any CPU.ActiveCfg = Debug|Any CPU
		{58F0F26D-7D74-4E75-8231-236E8A331740}.Debug|Any CPU.Build.0 = Debug|Any CPU
		{58F0F26D-7D74-4E75-8231-236E8A331740}.Release|Any CPU.ActiveCfg = Release|Any CPU
		{58F0F26D-7D74-4E75-8231-236E8A331740}.Release|Any CPU.Build.0 = Release|Any CPU
	EndGlobalSection
	GlobalSection(SolutionProperties) = preSolution
		HideSolutionNode = FALSE
	EndGlobalSection
	GlobalSection(ExtensibilityGlobals) = postSolution
		SolutionGuid = {64A98844-1F3D-4111-BD8B-C40770C65EF6}
	EndGlobalSection
EndGlobal
